
Microsoft Visual Studio Solution File, Format Version 12.00
# Visual Studio Version 16
VisualStudioVersion = 16.0.33027.164
MinimumVisualStudioVersion = 10.0.40219.1
Project("{FAE04EC0-301F-11D3-BF4B-00C04F79EFBC}") = "lab1ex9", "lab1ex9\lab1ex9.csproj", "{574346A9-0782-433A-9840-C0E23A390FA1}"
EndProject
Global
	GlobalSection(SolutionConfigurationPlatforms) = preSolution
		Debug|Any CPU = Debug|Any CPU
		Release|Any CPU = Release|Any CPU
	EndGlobalSection
	GlobalSection(ProjectConfigurationPlatforms) = postSolution
		{574346A9-0782-433A-9840-C0E23A390FA1}.Debug|Any CPU.ActiveCfg = Debug|Any CPU
		{574346A9-0782-433A-9840-C0E23A390FA1}.Debug|Any CPU.Build.0 = Debug|Any CPU
		{574346A9-0782-433A-9840-C0E23A390FA1}.Release|Any CPU.ActiveCfg = Release|Any CPU
		{574346A9-0782-433A-9840-C0E23A390FA1}.Release|Any CPU.Build.0 = Release|Any CPU
	EndGlobalSection
	GlobalSection(SolutionProperties) = preSolution
		HideSolutionNode = FALSE
	EndGlobalSection
	GlobalSection(ExtensibilityGlobals) = postSolution
		SolutionGuid = {449829EB-AF46-4E5C-8FB1-90C1F7C4778E}
	EndGlobalSection
EndGlobal
